
Microsoft Visual Studio Solution File, Format Version 12.00
# Visual Studio Version 17
VisualStudioVersion = 17.7.34031.279
MinimumVisualStudioVersion = 10.0.40219.1
Project("{FAE04EC0-301F-11D3-BF4B-00C04F79EFBC}") = "BT2", "BT2\BT2.csproj", "{FDEC0D8B-095B-4EC1-873B-6EB0C53ACE6F}"
EndProject
Global
	GlobalSection(SolutionConfigurationPlatforms) = preSolution
		Debug|Any CPU = Debug|Any CPU
		Release|Any CPU = Release|Any CPU
	EndGlobalSection
	GlobalSection(ProjectConfigurationPlatforms) = postSolution
		{FDEC0D8B-095B-4EC1-873B-6EB0C53ACE6F}.Debug|Any CPU.ActiveCfg = Debug|Any CPU
		{FDEC0D8B-095B-4EC1-873B-6EB0C53ACE6F}.Debug|Any CPU.Build.0 = Debug|Any CPU
		{FDEC0D8B-095B-4EC1-873B-6EB0C53ACE6F}.Release|Any CPU.ActiveCfg = Release|Any CPU
		{FDEC0D8B-095B-4EC1-873B-6EB0C53ACE6F}.Release|Any CPU.Build.0 = Release|Any CPU
	EndGlobalSection
	GlobalSection(SolutionProperties) = preSolution
		HideSolutionNode = FALSE
	EndGlobalSection
	GlobalSection(ExtensibilityGlobals) = postSolution
		SolutionGuid = {674E0FD9-DC50-44AF-83B5-F43374B9A1CB}
	EndGlobalSection
EndGlobal
